
Microsoft Visual Studio Solution File, Format Version 12.00
# Visual Studio Version 17
VisualStudioVersion = 17.6.33801.468
MinimumVisualStudioVersion = 10.0.40219.1
Project("{FAE04EC0-301F-11D3-BF4B-00C04F79EFBC}") = "JsTreeWithDotNetCoreAndCSharp", "JsTreeWithDotNetCoreAndCSharp\JsTreeWithDotNetCoreAndCSharp.csproj", "{92AB4531-F0B7-4F05-99F8-6C984850DD8A}"
EndProject
Global
	GlobalSection(SolutionConfigurationPlatforms) = preSolution
		Debug|Any CPU = Debug|Any CPU
		Release|Any CPU = Release|Any CPU
	EndGlobalSection
	GlobalSection(ProjectConfigurationPlatforms) = postSolution
		{92AB4531-F0B7-4F05-99F8-6C984850DD8A}.Debug|Any CPU.ActiveCfg = Debug|Any CPU
		{92AB4531-F0B7-4F05-99F8-6C984850DD8A}.Debug|Any CPU.Build.0 = Debug|Any CPU
		{92AB4531-F0B7-4F05-99F8-6C984850DD8A}.Release|Any CPU.ActiveCfg = Release|Any CPU
		{92AB4531-F0B7-4F05-99F8-6C984850DD8A}.Release|Any CPU.Build.0 = Release|Any CPU
	EndGlobalSection
	GlobalSection(SolutionProperties) = preSolution
		HideSolutionNode = FALSE
	EndGlobalSection
	GlobalSection(ExtensibilityGlobals) = postSolution
		SolutionGuid = {BEF9F109-04FC-4164-8819-9BBE8A6B2A46}
	EndGlobalSection
EndGlobal
